
Microsoft Visual Studio Solution File, Format Version 12.00
# Visual Studio Version 16
VisualStudioVersion = 16.0.30717.126
MinimumVisualStudioVersion = 10.0.40219.1
Project("{FAE04EC0-301F-11D3-BF4B-00C04F79EFBC}") = "WatiAgregateur", "WatiAgregateur\WatiAgregateur.csproj", "{5049B73B-DF50-4494-AE41-5E4194F7D11C}"
EndProject
Global
	GlobalSection(SolutionConfigurationPlatforms) = preSolution
		Debug|Any CPU = Debug|Any CPU
		Release|Any CPU = Release|Any CPU
	EndGlobalSection
	GlobalSection(ProjectConfigurationPlatforms) = postSolution
		{5049B73B-DF50-4494-AE41-5E4194F7D11C}.Debug|Any CPU.ActiveCfg = Debug|Any CPU
		{5049B73B-DF50-4494-AE41-5E4194F7D11C}.Debug|Any CPU.Build.0 = Debug|Any CPU
		{5049B73B-DF50-4494-AE41-5E4194F7D11C}.Release|Any CPU.ActiveCfg = Release|Any CPU
		{5049B73B-DF50-4494-AE41-5E4194F7D11C}.Release|Any CPU.Build.0 = Release|Any CPU
	EndGlobalSection
	GlobalSection(SolutionProperties) = preSolution
		HideSolutionNode = FALSE
	EndGlobalSection
	GlobalSection(ExtensibilityGlobals) = postSolution
		SolutionGuid = {D24B0338-DA86-474B-91F8-79BDBF578512}
	EndGlobalSection
EndGlobal
